
Microsoft Visual Studio Solution File, Format Version 12.00
# Visual Studio 15
VisualStudioVersion = 15.0.28307.1622
MinimumVisualStudioVersion = 10.0.40219.1
Project("{FAE04EC0-301F-11D3-BF4B-00C04F79EFBC}") = "Compare", "Compare\Compare.csproj", "{28FB74EA-725F-4ED5-AA45-F055AC5CF207}"
EndProject
Global
	GlobalSection(SolutionConfigurationPlatforms) = preSolution
		Debug|Any CPU = Debug|Any CPU
		Release|Any CPU = Release|Any CPU
	EndGlobalSection
	GlobalSection(ProjectConfigurationPlatforms) = postSolution
		{28FB74EA-725F-4ED5-AA45-F055AC5CF207}.Debug|Any CPU.ActiveCfg = Debug|Any CPU
		{28FB74EA-725F-4ED5-AA45-F055AC5CF207}.Debug|Any CPU.Build.0 = Debug|Any CPU
		{28FB74EA-725F-4ED5-AA45-F055AC5CF207}.Release|Any CPU.ActiveCfg = Release|Any CPU
		{28FB74EA-725F-4ED5-AA45-F055AC5CF207}.Release|Any CPU.Build.0 = Release|Any CPU
	EndGlobalSection
	GlobalSection(SolutionProperties) = preSolution
		HideSolutionNode = FALSE
	EndGlobalSection
	GlobalSection(ExtensibilityGlobals) = postSolution
		SolutionGuid = {54D37BCE-66DD-4D59-86EC-7C2C5EC55087}
	EndGlobalSection
EndGlobal
